
Microsoft Visual Studio Solution File, Format Version 12.00
# Visual Studio 14
VisualStudioVersion = 14.0.22823.1
MinimumVisualStudioVersion = 10.0.40219.1
Project("{FAE04EC0-301F-11D3-BF4B-00C04F79EFBC}") = "LockFreeAlgs", "LockFreeAlgs\LockFreeAlgs.csproj", "{4D09302E-BD7B-4348-9DAC-7D7587709305}"
EndProject
Project("{FAE04EC0-301F-11D3-BF4B-00C04F79EFBC}") = "ConsoleRunner", "ConsoleRunner\ConsoleRunner.csproj", "{9DED125C-FC51-40FE-819D-294DABA581FC}"
EndProject
Global
	GlobalSection(SolutionConfigurationPlatforms) = preSolution
		Debug|Any CPU = Debug|Any CPU
		Release|Any CPU = Release|Any CPU
	EndGlobalSection
	GlobalSection(ProjectConfigurationPlatforms) = postSolution
		{4D09302E-BD7B-4348-9DAC-7D7587709305}.Debug|Any CPU.ActiveCfg = Debug|Any CPU
		{4D09302E-BD7B-4348-9DAC-7D7587709305}.Debug|Any CPU.Build.0 = Debug|Any CPU
		{4D09302E-BD7B-4348-9DAC-7D7587709305}.Release|Any CPU.ActiveCfg = Release|Any CPU
		{4D09302E-BD7B-4348-9DAC-7D7587709305}.Release|Any CPU.Build.0 = Release|Any CPU
		{9DED125C-FC51-40FE-819D-294DABA581FC}.Debug|Any CPU.ActiveCfg = Debug|Any CPU
		{9DED125C-FC51-40FE-819D-294DABA581FC}.Debug|Any CPU.Build.0 = Debug|Any CPU
		{9DED125C-FC51-40FE-819D-294DABA581FC}.Release|Any CPU.ActiveCfg = Release|Any CPU
		{9DED125C-FC51-40FE-819D-294DABA581FC}.Release|Any CPU.Build.0 = Release|Any CPU
	EndGlobalSection
	GlobalSection(SolutionProperties) = preSolution
		HideSolutionNode = FALSE
	EndGlobalSection
EndGlobal
